{
  "R": {
    "Version": "4.5.3",
    "Repositories": [
      {
        "Name": "CRAN",
        "URL": "https://cloud.r-project.org"
      }
    ]
  },
  "Packages": {
    "sf": {
      "Package": "sf",
      "Version": "1.1-1",
      "Source": "Repository",
      "Repository": "CRAN"
    },
    "spatstat.geom": {
      "Package": "spatstat.geom",
      "Version": "3.8-2",
      "Source": "Repository",
      "Repository": "CRAN"
    },
    "spatstat.explore": {
      "Package": "spatstat.explore",
      "Version": "3.8-2",
      "Source": "Repository",
      "Repository": "CRAN"
    },
    "spatstat.model": {
      "Package": "spatstat.model",
      "Version": "3.7-2",
      "Source": "Repository",
      "Repository": "CRAN"
    },
    "spatstat.random": {
      "Package": "spatstat.random",
      "Version": "3.5-1",
      "Source": "Repository",
      "Repository": "CRAN"
    },
    "spatstat.univar": {
      "Package": "spatstat.univar",
      "Version": "3.2-0",
      "Source": "Repository",
      "Repository": "CRAN"
    },
    "dplyr": {
      "Package": "dplyr",
      "Version": "1.2.1",
      "Source": "Repository",
      "Repository": "CRAN"
    },
    "tidyr": {
      "Package": "tidyr",
      "Version": "1.3.2",
      "Source": "Repository",
      "Repository": "CRAN"
    },
    "purrr": {
      "Package": "purrr",
      "Version": "1.2.2",
      "Source": "Repository",
      "Repository": "CRAN"
    },
    "readr": {
      "Package": "readr",
      "Version": "2.2.0",
      "Source": "Repository",
      "Repository": "CRAN"
    },
    "glue": {
      "Package": "glue",
      "Version": "1.8.1",
      "Source": "Repository",
      "Repository": "CRAN"
    },
    "ggplot2": {
      "Package": "ggplot2",
      "Version": "4.0.3",
      "Source": "Repository",
      "Repository": "CRAN"
    },
    "scales": {
      "Package": "scales",
      "Version": "1.4.0",
      "Source": "Repository",
      "Repository": "CRAN"
    },
    "knitr": {
      "Package": "knitr",
      "Version": "1.51",
      "Source": "Repository",
      "Repository": "CRAN"
    },
    "patchwork": {
      "Package": "patchwork",
      "Version": "1.3.2",
      "Source": "Repository",
      "Repository": "CRAN"
    },
    "units": {
      "Package": "units",
      "Version": "1.0-1",
      "Source": "Repository",
      "Repository": "CRAN"
    },
    "terra": {
      "Package": "terra",
      "Version": "1.9-34",
      "Source": "Repository",
      "Repository": "CRAN"
    },
    "ragg": {
      "Package": "ragg",
      "Version": "1.5.2",
      "Source": "Repository",
      "Repository": "CRAN"
    },
    "sfdep": {
      "Package": "sfdep",
      "Version": "0.2.5",
      "Source": "Repository",
      "Repository": "CRAN"
    },
    "osmdata": {
      "Package": "osmdata",
      "Version": "0.4.1",
      "Source": "Repository",
      "Repository": "CRAN"
    },
    "viridis": {
      "Package": "viridis",
      "Version": "0.6.5",
      "Source": "Repository",
      "Repository": "CRAN"
    },
    "gt": {
      "Package": "gt",
      "Version": "1.3.0",
      "Source": "Repository",
      "Repository": "CRAN"
    },
    "lubridate": {
      "Package": "lubridate",
      "Version": "1.9.5",
      "Source": "Repository",
      "Repository": "CRAN"
    }
  }
}
